// !$*UTF8*$!
{
	archiveVersion = 1;
	classes = {
	};
	objectVersion = 46;
	objects = {

/* Begin PBXBuildFile section */
		DF603AC21D04961B0041EA43 /* AppDelegate.swift in Sources */ = {isa = PBXBuildFile; fileRef = DF603AC11D04961B0041EA43 /* AppDelegate.swift */; };
		DF603AC41D04961B0041EA43 /* ViewController.swift in Sources */ = {isa = PBXBuildFile; fileRef = DF603AC31D04961B0041EA43 /* ViewController.swift */; };
		DF603AC71D04961B0041EA43 /* Main.storyboard in Resources */ = {isa = PBXBuildFile; fileRef = DF603AC51D04961B0041EA43 /* Main.storyboard */; };
		DF603AC91D04961B0041EA43 /* Assets.xcassets in Resources */ = {isa = PBXBuildFile; fileRef = DF603AC81D04961B0041EA43 /* Assets.xcassets */; };
		DF603ACC1D04961B0041EA43 /* LaunchScreen.storyboard in Resources */ = {isa = PBXBuildFile; fileRef = DF603ACA1D04961B0041EA43 /* LaunchScreen.storyboard */; };
		DF603AD41D0498060041EA43 /* .gitignore in Resources */ = {isa = PBXBuildFile; fileRef = DF603AD31D0498060041EA43 /* .gitignore */; };
/* End PBXBuildFile section */

/* Begin PBXFileReference section */
		DF603ABE1D04961B0041EA43 /* SwiftLearning.app */ = {isa = PBXFileReference; explicitFileType = wrapper.application; includeInIndex = 0; path = SwiftLearning.app; sourceTree = BUILT_PRODUCTS_DIR; };
		DF603AC11D04961B0041EA43 /* AppDelegate.swift */ = {isa = PBXFileReference; lastKnownFileType = sourcecode.swift; path = AppDelegate.swift; sourceTree = "<group>"; };
		DF603AC31D04961B0041EA43 /* ViewController.swift */ = {isa = PBXFileReference; lastKnownFileType = sourcecode.swift; path = ViewController.swift; sourceTree = "<group>"; };
		DF603AC61D04961B0041EA43 /* Base */ = {isa = PBXFileReference; lastKnownFileType = file.storyboard; name = Base; path = Base.lproj/Main.storyboard; sourceTree = "<group>"; };
		DF603AC81D04961B0041EA43 /* Assets.xcassets */ = {isa = PBXFileReference; lastKnownFileType = folder.assetcatalog; path = Assets.xcassets; sourceTree = "<group>"; };
		DF603ACB1D04961B0041EA43 /* Base */ = {isa = PBXFileReference; lastKnownFileType = file.storyboard; name = Base; path = Base.lproj/LaunchScreen.storyboard; sourceTree = "<group>"; };
		DF603ACD1D04961B0041EA43 /* Info.plist */ = {isa = PBXFileReference; lastKnownFileType = text.plist.xml; path = Info.plist; sourceTree = "<group>"; };
		DF603AD31D0498060041EA43 /* .gitignore */ = {isa = PBXFileReference; fileEncoding = 4; lastKnownFileType = text; path = .gitignore; sourceTree = "<group>"; };
/* End PBXFileReference section */

/* Begin PBXFrameworksBuildPhase section */
		DF603ABB1D04961B0041EA43 /* Frameworks */ = {
			isa = PBXFrameworksBuildPhase;
			buildActionMask = 2147483647;
			files = (
			);
			runOnlyForDeploymentPostprocessing = 0;
		};
/* End PBXFrameworksBuildPhase section */

/* Begin PBXGroup section */
		DF603AB51D04961B0041EA43 = {
			isa = PBXGroup;
			children = (
				DF603AD31D0498060041EA43 /* .gitignore */,
				DF603AC01D04961B0041EA43 /* SwiftLearning */,
				DF603ABF1D04961B0041EA43 /* Products */,
			);
			sourceTree = "<group>";
		};
		DF603ABF1D04961B0041EA43 /* Products */ = {
			isa = PBXGroup;
			children = (
				DF603ABE1D04961B0041EA43 /* SwiftLearning.app */,
			);
			name = Products;
			sourceTree = "<group>";
		};
		DF603AC01D04961B0041EA43 /* SwiftLearning */ = {
			isa = PBXGroup;
			children = (
				DF603AC11D04961B0041EA43 /* AppDelegate.swift */,
				DF603AC31D04961B0041EA43 /* ViewController.swift */,
				DF603AC51D04961B0041EA43 /* Main.storyboard */,
				DF603AC81D04961B0041EA43 /* Assets.xcassets */,
				DF603ACA1D04961B0041EA43 /* LaunchScreen.storyboard */,
				DF603ACD1D04961B0041EA43 /* Info.plist */,
			);
			path = SwiftLearning;
			sourceTree = "<group>";
		};
/* End PBXGroup section */

/* Begin PBXNativeTarget section */
		DF603ABD1D04961B0041EA43 /* SwiftLearning */ = {
			isa = PBXNativeTarget;
			buildConfigurationList = DF603AD01D04961B0041EA43 /* Build configuration list for PBXNativeTarget "SwiftLearning" */;
			buildPhases = (
				DF603ABA1D04961B0041EA43 /* Sources */,
				DF603ABB1D04961B0041EA43 /* Frameworks */,
				DF603ABC1D04961B0041EA43 /* Resources */,
			);
			buildRules = (
			);
			dependencies = (
			);
			name = SwiftLearning;
			productName = SwiftLearning;
			productReference = DF603ABE1D04961B0041EA43 /* SwiftLearning.app */;
			productType = "com.apple.product-type.application";
		};
/* End PBXNativeTarget section */

/* Begin PBXProject section */
		DF603AB61D04961B0041EA43 /* Project object */ = {
			isa = PBXProject;
			attributes = {
				LastSwiftUpdateCheck = 0730;
				LastUpgradeCheck = 0730;
				ORGANIZATIONNAME = "Sarath Neeravallil Sasi";
				TargetAttributes = {
					DF603ABD1D04961B0041EA43 = {
						CreatedOnToolsVersion = 7.3;
					};
				};
			};
			buildConfigurationList = DF603AB91D04961B0041EA43 /* Build configuration list for PBXProject "SwiftLearning" */;
			compatibilityVersion = "Xcode 3.2";
			developmentRegion = English;
			hasScannedForEncodings = 0;
			knownRegions = (
				en,
				Base,
			);
			mainGroup = DF603AB51D04961B0041EA43;
			productRefGroup = DF603ABF1D04961B0041EA43 /* Products */;
			projectDirPath = "";
			projectRoot = "";
			targets = (
				DF603ABD1D04961B0041EA43 /* SwiftLearning */,
			);
		};
/* End PBXProject section */

/* Begin PBXResourcesBuildPhase section */
		DF603ABC1D04961B0041EA43 /* Resources */ = {
			isa = PBXResourcesBuildPhase;
			buildActionMask = 2147483647;
			files = (
				DF603AD41D0498060041EA43 /* .gitignore in Resources */,
				DF603ACC1D04961B0041EA43 /* LaunchScreen.storyboard in Resources */,
				DF603AC91D04961B0041EA43 /* Assets.xcassets in Resources */,
				DF603AC71D04961B0041EA43 /* Main.storyboard in Resources */,
			);
			runOnlyForDeploymentPostprocessing = 0;
		};
/* End PBXResourcesBuildPhase section */

/* Begin PBXSourcesBuildPhase section */
		DF603ABA1D04961B0041EA43 /* Sources */ = {
			isa = PBXSourcesBuildPhase;
			buildActionMask = 2147483647;
			files = (
				DF603AC41D04961B0041EA43 /* ViewController.swift in Sources */,
				DF603AC21D04961B0041EA43 /* AppDelegate.swift in Sources */,
			);
			runOnlyForDeploymentPostprocessing = 0;
		};
/* End PBXSourcesBuildPhase section */

/* Begin PBXVariantGroup section */
		DF603AC51D04961B0041EA43 /* Main.storyboard */ = {
			isa = PBXVariantGroup;
			children = (
				DF603AC61D04961B0041EA43 /* Base */,
			);
			name = Main.storyboard;
			sourceTree = "<group>";
		};
		DF603ACA1D04961B0041EA43 /* LaunchScreen.storyboard */ = {
			isa = PBXVariantGroup;
			children = (
				DF603ACB1D04961B0041EA43 /* Base */,
			);
			name = LaunchScreen.storyboard;
			sourceTree = "<group>";
		};
/* End PBXVariantGroup section */

/* Begin XCBuildConfiguration section */
		DF603ACE1D04961B0041EA43 /* Debug */ = {
			isa = XCBuildConfiguration;
			buildSettings = {
				ALWAYS_SEARCH_USER_PATHS = NO;
				CLANG_ANALYZER_NONNULL = YES;
				CLANG_CXX_LANGUAGE_STANDARD = "gnu++0x";
				CLANG_CXX_LIBRARY = "libc++";
				CLANG_ENABLE_MODULES = YES;
				CLANG_ENABLE_OBJC_ARC = YES;
				CLANG_WARN_BOOL_CONVERSION = YES;
				CLANG_WARN_CONSTANT_CONVERSION = YES;
				CLANG_WARN_DIRECT_OBJC_ISA_USAGE = YES_ERROR;
				CLANG_WARN_EMPTY_BODY = YES;
				CLANG_WARN_ENUM_CONVERSION = YES;
				CLANG_WARN_INT_CONVERSION = YES;
				CLANG_WARN_OBJC_ROOT_CLASS = YES_ERROR;
				CLANG_WARN_UNREACHABLE_CODE = YES;
				CLANG_WARN__DUPLICATE_METHOD_MATCH = YES;
				"CODE_SIGN_IDENTITY[sdk=iphoneos*]" = "iPhone Developer";
				COPY_PHASE_STRIP = NO;
				DEBUG_INFORMATION_FORMAT = dwarf;
				ENABLE_STRICT_OBJC_MSGSEND = YES;
				ENABLE_TESTABILITY = YES;
				GCC_C_LANGUAGE_STANDARD = gnu99;
				GCC_DYNAMIC_NO_PIC = NO;
				GCC_NO_COMMON_BLOCKS = YES;
				GCC_OPTIMIZATION_LEVEL = 0;
				GCC_PREPROCESSOR_DEFINITIONS = (
					"DEBUG=1",
					"$(inherited)",
				);
				GCC_WARN_64_TO_32_BIT_CONVERSION = YES;
				GCC_WARN_ABOUT_RETURN_TYPE = YES_ERROR;
				GCC_WARN_UNDECLARED_SELECTOR = YES;
				GCC_WARN_UNINITIALIZED_AUTOS = YES_AGGRESSIVE;
				GCC_WARN_UNUSED_FUNCTION = YES;
				GCC_WARN_UNUSED_VARIABLE = YES;
				IPHONEOS_DEPLOYMENT_TARGET = 9.3;
				MTL_ENABLE_DEBUG_INFO = YES;
				ONLY_ACTIVE_ARCH = YES;
				SDKROOT = iphoneos;
				SWIFT_OPTIMIZATION_LEVEL = "-Onone";
			};
			name = Debug;
		};
		DF603ACF1D04961B0041EA43 /* Release */ = {
			isa = XCBuildConfiguration;
			buildSettings = {
				ALWAYS_SEARCH_USER_PATHS = NO;
				CLANG_ANALYZER_NONNULL = YES;
				CLANG_CXX_LANGUAGE_STANDARD = "gnu++0x";
				CLANG_CXX_LIBRARY = "libc++";
				CLANG_ENABLE_MODULES = YES;
				CLANG_ENABLE_OBJC_ARC = YES;
				CLANG_WARN_BOOL_CONVERSION = YES;
				CLANG_WARN_CONSTANT_CONVERSION = YES;
				CLANG_WARN_DIRECT_OBJC_ISA_USAGE = YES_ERROR;
				CLANG_WARN_EMPTY_BODY = YES;
				CLANG_WARN_ENUM_CONVERSION = YES;
				CLANG_WARN_INT_CONVERSION = YES;
				CLANG_WARN_OBJC_ROOT_CLASS = YES_ERROR;
				CLANG_WARN_UNREACHABLE_CODE = YES;
				CLANG_WARN__DUPLICATE_METHOD_MATCH = YES;
				"CODE_SIGN_IDENTITY[sdk=iphoneos*]" = "iPhone Developer";
				COPY_PHASE_STRIP = NO;
				DEBUG_INFORMATION_FORMAT = "dwarf-with-dsym";
				ENABLE_NS_ASSERTIONS = NO;
				ENABLE_STRICT_OBJC_MSGSEND = YES;
				GCC_C_LANGUAGE_STANDARD = gnu99;
				GCC_NO_COMMON_BLOCKS = YES;
				GCC_WARN_64_TO_32_BIT_CONVERSION = YES;
				GCC_WARN_ABOUT_RETURN_TYPE = YES_ERROR;
				GCC_WARN_UNDECLARED_SELECTOR = YES;
				GCC_WARN_UNINITIALIZED_AUTOS = YES_AGGRESSIVE;
				GCC_WARN_UNUSED_FUNCTION = YES;
				GCC_WARN_UNUSED_VARIABLE = YES;
				IPHONEOS_DEPLOYMENT_TARGET = 9.3;
				MTL_ENABLE_DEBUG_INFO = NO;
				SDKROOT = iphoneos;
				VALIDATE_PRODUCT = YES;
			};
			name = Release;
		};
		DF603AD11D04961B0041EA43 /* Debug */ = {
			isa = XCBuildConfiguration;
			buildSettings = {
				ASSETCATALOG_COMPILER_APPICON_NAME = AppIcon;
				INFOPLIST_FILE = SwiftLearning/Info.plist;
				LD_RUNPATH_SEARCH_PATHS = "$(inherited) @executable_path/Frameworks";
				PRODUCT_BUNDLE_IDENTIFIER = com.sarathNeeravallil.SwiftLearning;
				PRODUCT_NAME = "$(TARGET_NAME)";
			};
			name = Debug;
		};
		DF603AD21D04961B0041EA43 /* Release */ = {
			isa = XCBuildConfiguration;
			buildSettings = {
				ASSETCATALOG_COMPILER_APPICON_NAME = AppIcon;
				INFOPLIST_FILE = SwiftLearning/Info.plist;
				LD_RUNPATH_SEARCH_PATHS = "$(inherited) @executable_path/Frameworks";
				PRODUCT_BUNDLE_IDENTIFIER = com.sarathNeeravallil.SwiftLearning;
				PRODUCT_NAME = "$(TARGET_NAME)";
			};
			name = Release;
		};
/* End XCBuildConfiguration section */

/* Begin XCConfigurationList section */
		DF603AB91D04961B0041EA43 /* Build configuration list for PBXProject "SwiftLearning" */ = {
			isa = XCConfigurationList;
			buildConfigurations = (
				DF603ACE1D04961B0041EA43 /* Debug */,
				DF603ACF1D04961B0041EA43 /* Release */,
			);
			defaultConfigurationIsVisible = 0;
			defaultConfigurationName = Release;
		};
		DF603AD01D04961B0041EA43 /* Build configuration list for PBXNativeTarget "SwiftLearning" */ = {
			isa = XCConfigurationList;
			buildConfigurations = (
				DF603AD11D04961B0041EA43 /* Debug */,
				DF603AD21D04961B0041EA43 /* Release */,
			);
			defaultConfigurationIsVisible = 0;
		};
/* End XCConfigurationList section */
	};
	rootObject = DF603AB61D04961B0041EA43 /* Project object */;
}
